
Microsoft Visual Studio Solution File, Format Version 12.00
# Visual Studio 15
VisualStudioVersion = 15.0.27004.2005
MinimumVisualStudioVersion = 10.0.40219.1
Project("{FAE04EC0-301F-11D3-BF4B-00C04F79EFBC}") = "Server", "Server\Server.csproj", "{3CE2B4A4-D733-4D36-892D-2876F5651078}"
EndProject
Project("{FAE04EC0-301F-11D3-BF4B-00C04F79EFBC}") = "Client", "Client\Client.csproj", "{28DE2495-5625-4B3C-81EB-CD49A0023164}"
EndProject
Global
	GlobalSection(SolutionConfigurationPlatforms) = preSolution
		Debug|Any CPU = Debug|Any CPU
		Release|Any CPU = Release|Any CPU
	EndGlobalSection
	GlobalSection(ProjectConfigurationPlatforms) = postSolution
		{3CE2B4A4-D733-4D36-892D-2876F5651078}.Debug|Any CPU.ActiveCfg = Debug|Any CPU
		{3CE2B4A4-D733-4D36-892D-2876F5651078}.Debug|Any CPU.Build.0 = Debug|Any CPU
		{3CE2B4A4-D733-4D36-892D-2876F5651078}.Release|Any CPU.ActiveCfg = Release|Any CPU
		{3CE2B4A4-D733-4D36-892D-2876F5651078}.Release|Any CPU.Build.0 = Release|Any CPU
		{28DE2495-5625-4B3C-81EB-CD49A0023164}.Debug|Any CPU.ActiveCfg = Debug|Any CPU
		{28DE2495-5625-4B3C-81EB-CD49A0023164}.Debug|Any CPU.Build.0 = Debug|Any CPU
		{28DE2495-5625-4B3C-81EB-CD49A0023164}.Release|Any CPU.ActiveCfg = Release|Any CPU
		{28DE2495-5625-4B3C-81EB-CD49A0023164}.Release|Any CPU.Build.0 = Release|Any CPU
	EndGlobalSection
	GlobalSection(SolutionProperties) = preSolution
		HideSolutionNode = FALSE
	EndGlobalSection
	GlobalSection(ExtensibilityGlobals) = postSolution
		SolutionGuid = {F494C02B-4E5A-4AE6-BBDA-927A5C1CE3CC}
	EndGlobalSection
EndGlobal
